# This file was autogenerated by uv via the following command:
#    uv pip compile pyproject.toml -o requirements.lock
aiohappyeyeballs==2.7.1
    # via aiohttp
aiohttp==3.14.3
    # via discord-py
aiosignal==1.4.0
    # via aiohttp
attrs==26.1.0
    # via aiohttp
certifi==2026.7.22
    # via requests
charset-normalizer==3.4.9
    # via requests
discord-py==2.7.1
    # via wojbot (pyproject.toml)
elo-system==2.0.1
    # via wojbot (pyproject.toml)
frozenlist==1.8.0
    # via
    #   aiohttp
    #   aiosignal
idna==3.18
    # via
    #   requests
    #   yarl
multidict==6.7.1
    # via
    #   aiohttp
    #   yarl
numpy==2.5.1
    # via
    #   elo-system
    #   pandas
    #   rv-pytools
pandas==3.0.5
    # via
    #   elo-system
    #   rv-pytools
propcache==0.5.2
    # via
    #   aiohttp
    #   yarl
psycopg2-binary==2.9.12
    # via
    #   elo-system
    #   rv-pytools
python-dateutil==2.9.0.post0
    # via pandas
python-dotenv==1.2.2
    # via wojbot (pyproject.toml)
pyyaml==6.0.3
    # via
    #   wojbot (pyproject.toml)
    #   elo-system
requests==2.32.5
    # via
    #   elo-system
    #   sleeper
rv-pytools==1.3.0
    # via
    #   wojbot (pyproject.toml)
    #   elo-system
six==1.17.0
    # via python-dateutil
sleeper==2.0.0
    # via elo-system
typing-extensions==4.16.0
    # via
    #   aiohttp
    #   aiosignal
urllib3==2.7.0
    # via requests
yarl==1.24.5
    # via aiohttp
